
Microsoft Visual Studio Solution File, Format Version 12.00
# Visual Studio Version 16
VisualStudioVersion = 16.0.31410.357
MinimumVisualStudioVersion = 10.0.40219.1
Project("{FAE04EC0-301F-11D3-BF4B-00C04F79EFBC}") = "menuIdeas", "menuIdeas\menuIdeas.csproj", "{66C301B8-F8BD-473B-8FFB-DC6E87B4E944}"
EndProject
Global
	GlobalSection(SolutionConfigurationPlatforms) = preSolution
		Debug|Any CPU = Debug|Any CPU
		Release|Any CPU = Release|Any CPU
	EndGlobalSection
	GlobalSection(ProjectConfigurationPlatforms) = postSolution
		{66C301B8-F8BD-473B-8FFB-DC6E87B4E944}.Debug|Any CPU.ActiveCfg = Debug|Any CPU
		{66C301B8-F8BD-473B-8FFB-DC6E87B4E944}.Debug|Any CPU.Build.0 = Debug|Any CPU
		{66C301B8-F8BD-473B-8FFB-DC6E87B4E944}.Release|Any CPU.ActiveCfg = Release|Any CPU
		{66C301B8-F8BD-473B-8FFB-DC6E87B4E944}.Release|Any CPU.Build.0 = Release|Any CPU
	EndGlobalSection
	GlobalSection(SolutionProperties) = preSolution
		HideSolutionNode = FALSE
	EndGlobalSection
	GlobalSection(ExtensibilityGlobals) = postSolution
		SolutionGuid = {336B66C7-2CA6-43DA-9F4F-30B6769D4245}
	EndGlobalSection
EndGlobal
